# Generated by buf. DO NOT EDIT.
version: v2
deps:
  - name: buf.build/bufbuild/bufplugin
    commit: 6d880cc6cc8d4131bdb5a51399df8faf
    digest: b5:78585a9600e67a5b27155d404558c84a54e90a03927e213f49ec1ac236fb6b578f1e3fb55d379a8db87ada874208aa6c5a1744654cad69f10809f52e2969f295
  - name: buf.build/bufbuild/protovalidate
    commit: 9f2d3c737feb481a83375159c0733275
    digest: b5:19d3b83f7df2d284ff5935f4622d7f27e7464a93c210edb536e92a52bcc69b2a18da1312e96b5461601eba7b3764d5e90321bd62e6966870e7dbc2e4dedd98d6
