# Generated by buf. DO NOT EDIT.
version: v2
deps:
  - name: buf.build/bufbuild/bufplugin
    commit: 42bdb4b676254830a221d52d10bf17be
    digest: b5:c9fb96550e52b1b899f667d2371d2aee37b4b5b0d8e21d83dd620207d466f3a95b96fc072fe9a49785da293f1fe379f0b4ac8ce054b6a1cedcafba8f2145d086
  - name: buf.build/bufbuild/protovalidate
    commit: 5a7b106cbb87462d9a8c9ffecdbd2e38
    digest: b5:0f2dc6c9453e9cc9e9f36807aaa5f94022e837d91fef4dcaeed79a35c0843cc64eba28ff077aab24da3b2cb12639ad256246f9f9a36c033b99d5754b19996b7e
