# Generated by buf. DO NOT EDIT.
version: v2
deps:
  - name: buf.build/bufbuild/bufplugin
    commit: 6d880cc6cc8d4131bdb5a51399df8faf
    digest: b5:78585a9600e67a5b27155d404558c84a54e90a03927e213f49ec1ac236fb6b578f1e3fb55d379a8db87ada874208aa6c5a1744654cad69f10809f52e2969f295
  - name: buf.build/bufbuild/protovalidate
    commit: 7712fb530c574b95bc1d57c0877543c3
    digest: b5:b3e9c9428384357e3b73e4d5a4614328b0a4b1595b10163bbe9483fa16204749274c41797bd49b0d716479c855aa35c1172a94f471fa120ba8369637fd138829
